
Microsoft Visual Studio Solution File, Format Version 12.00
Project("{FAE04EC0-301F-11D3-BF4B-00C04F79EFBC}") = "OOPS", "OOPS\OOPS.csproj", "{3D66CE2D-9987-4C30-B095-E459D549C334}"
EndProject
Global
	GlobalSection(SolutionConfigurationPlatforms) = preSolution
		Debug|Any CPU = Debug|Any CPU
		Release|Any CPU = Release|Any CPU
	EndGlobalSection
	GlobalSection(ProjectConfigurationPlatforms) = postSolution
		{3D66CE2D-9987-4C30-B095-E459D549C334}.Debug|Any CPU.ActiveCfg = Debug|Any CPU
		{3D66CE2D-9987-4C30-B095-E459D549C334}.Debug|Any CPU.Build.0 = Debug|Any CPU
		{3D66CE2D-9987-4C30-B095-E459D549C334}.Release|Any CPU.ActiveCfg = Release|Any CPU
		{3D66CE2D-9987-4C30-B095-E459D549C334}.Release|Any CPU.Build.0 = Release|Any CPU
	EndGlobalSection
EndGlobal
